
Microsoft Visual Studio Solution File, Format Version 12.00
# Visual Studio 15
VisualStudioVersion = 15.0.28307.1321
MinimumVisualStudioVersion = 10.0.40219.1
Project("{FAE04EC0-301F-11D3-BF4B-00C04F79EFBC}") = "RerunFailTest", "RerunFailTest\RerunFailTest.csproj", "{D7DC8548-F222-4EE1-9895-8E405F68B364}"
EndProject
Global
	GlobalSection(SolutionConfigurationPlatforms) = preSolution
		Debug|Any CPU = Debug|Any CPU
		Release|Any CPU = Release|Any CPU
	EndGlobalSection
	GlobalSection(ProjectConfigurationPlatforms) = postSolution
		{D7DC8548-F222-4EE1-9895-8E405F68B364}.Debug|Any CPU.ActiveCfg = Debug|Any CPU
		{D7DC8548-F222-4EE1-9895-8E405F68B364}.Debug|Any CPU.Build.0 = Debug|Any CPU
		{D7DC8548-F222-4EE1-9895-8E405F68B364}.Release|Any CPU.ActiveCfg = Release|Any CPU
		{D7DC8548-F222-4EE1-9895-8E405F68B364}.Release|Any CPU.Build.0 = Release|Any CPU
	EndGlobalSection
	GlobalSection(SolutionProperties) = preSolution
		HideSolutionNode = FALSE
	EndGlobalSection
	GlobalSection(ExtensibilityGlobals) = postSolution
		SolutionGuid = {CBCEDEF8-4E47-42B8-BB77-3E2263253DC6}
	EndGlobalSection
EndGlobal
